
Microsoft Visual Studio Solution File, Format Version 12.00
# Visual Studio 2013
VisualStudioVersion = 12.0.31101.0
MinimumVisualStudioVersion = 10.0.40219.1
Project("{FAE04EC0-301F-11D3-BF4B-00C04F79EFBC}") = "Typescripting.Web", "Typescripting.Web\Typescripting.Web.csproj", "{14A131CD-F441-4852-B209-2472B0B34ECD}"
EndProject
Project("{FAE04EC0-301F-11D3-BF4B-00C04F79EFBC}") = "Typescripting.Client", "Typescripting.Client\Typescripting.Client.csproj", "{F506086F-A861-4983-BB3C-FC6D0EFA4ECE}"
EndProject
Global
	GlobalSection(SolutionConfigurationPlatforms) = preSolution
		Debug|Any CPU = Debug|Any CPU
		Release|Any CPU = Release|Any CPU
	EndGlobalSection
	GlobalSection(ProjectConfigurationPlatforms) = postSolution
		{14A131CD-F441-4852-B209-2472B0B34ECD}.Debug|Any CPU.ActiveCfg = Debug|Any CPU
		{14A131CD-F441-4852-B209-2472B0B34ECD}.Debug|Any CPU.Build.0 = Debug|Any CPU
		{14A131CD-F441-4852-B209-2472B0B34ECD}.Release|Any CPU.ActiveCfg = Release|Any CPU
		{14A131CD-F441-4852-B209-2472B0B34ECD}.Release|Any CPU.Build.0 = Release|Any CPU
		{F506086F-A861-4983-BB3C-FC6D0EFA4ECE}.Debug|Any CPU.ActiveCfg = Debug|Any CPU
		{F506086F-A861-4983-BB3C-FC6D0EFA4ECE}.Debug|Any CPU.Build.0 = Debug|Any CPU
		{F506086F-A861-4983-BB3C-FC6D0EFA4ECE}.Release|Any CPU.ActiveCfg = Release|Any CPU
		{F506086F-A861-4983-BB3C-FC6D0EFA4ECE}.Release|Any CPU.Build.0 = Release|Any CPU
	EndGlobalSection
	GlobalSection(SolutionProperties) = preSolution
		HideSolutionNode = FALSE
	EndGlobalSection
EndGlobal
